
Microsoft Visual Studio Solution File, Format Version 12.00
# Visual Studio Version 16
VisualStudioVersion = 16.0.30413.136
MinimumVisualStudioVersion = 10.0.40219.1
Project("{FAE04EC0-301F-11D3-BF4B-00C04F79EFBC}") = "打飞机", "打飞机\打飞机.csproj", "{2F6B2EBA-4943-4A0D-B9E9-01906F71467D}"
EndProject
Global
	GlobalSection(SolutionConfigurationPlatforms) = preSolution
		Debug|Any CPU = Debug|Any CPU
		Release|Any CPU = Release|Any CPU
	EndGlobalSection
	GlobalSection(ProjectConfigurationPlatforms) = postSolution
		{2F6B2EBA-4943-4A0D-B9E9-01906F71467D}.Debug|Any CPU.ActiveCfg = Debug|Any CPU
		{2F6B2EBA-4943-4A0D-B9E9-01906F71467D}.Debug|Any CPU.Build.0 = Debug|Any CPU
		{2F6B2EBA-4943-4A0D-B9E9-01906F71467D}.Release|Any CPU.ActiveCfg = Release|Any CPU
		{2F6B2EBA-4943-4A0D-B9E9-01906F71467D}.Release|Any CPU.Build.0 = Release|Any CPU
	EndGlobalSection
	GlobalSection(SolutionProperties) = preSolution
		HideSolutionNode = FALSE
	EndGlobalSection
	GlobalSection(ExtensibilityGlobals) = postSolution
		SolutionGuid = {8B436C6C-D0BD-4355-BBC9-495AD7A3A3CB}
	EndGlobalSection
EndGlobal
